
Microsoft Visual Studio Solution File, Format Version 12.00
# Visual Studio Version 17
VisualStudioVersion = 17.8.34330.188
MinimumVisualStudioVersion = 10.0.40219.1
Project("{8BC9CEB8-8B4A-11D0-8D11-00A0C91BC942}") = "opengl_current", "opengl_current\opengl_current.vcxproj", "{12D63B1C-F43E-4033-B1E4-541E702894DD}"
EndProject
Project("{8BC9CEB8-8B4A-11D0-8D11-00A0C91BC942}") = "Sandbox", "Sandbox\Sandbox.vcxproj", "{51335483-D73D-459C-8339-A2F6C6CF4F34}"
	ProjectSection(ProjectDependencies) = postProject
		{12D63B1C-F43E-4033-B1E4-541E702894DD} = {12D63B1C-F43E-4033-B1E4-541E702894DD}
	EndProjectSection
EndProject
Global
	GlobalSection(SolutionConfigurationPlatforms) = preSolution
		Debug|x64 = Debug|x64
		Debug|x86 = Debug|x86
		FastTest|x64 = FastTest|x64
		FastTest|x86 = FastTest|x86
		Release|x64 = Release|x64
		Release|x86 = Release|x86
	EndGlobalSection
	GlobalSection(ProjectConfigurationPlatforms) = postSolution
		{12D63B1C-F43E-4033-B1E4-541E702894DD}.Debug|x64.ActiveCfg = Debug|x64
		{12D63B1C-F43E-4033-B1E4-541E702894DD}.Debug|x64.Build.0 = Debug|x64
		{12D63B1C-F43E-4033-B1E4-541E702894DD}.Debug|x86.ActiveCfg = Debug|Win32
		{12D63B1C-F43E-4033-B1E4-541E702894DD}.Debug|x86.Build.0 = Debug|Win32
		{12D63B1C-F43E-4033-B1E4-541E702894DD}.FastTest|x64.ActiveCfg = FastTest|x64
		{12D63B1C-F43E-4033-B1E4-541E702894DD}.FastTest|x64.Build.0 = FastTest|x64
		{12D63B1C-F43E-4033-B1E4-541E702894DD}.FastTest|x86.ActiveCfg = FastTest|Win32
		{12D63B1C-F43E-4033-B1E4-541E702894DD}.FastTest|x86.Build.0 = FastTest|Win32
		{12D63B1C-F43E-4033-B1E4-541E702894DD}.Release|x64.ActiveCfg = Release|x64
		{12D63B1C-F43E-4033-B1E4-541E702894DD}.Release|x64.Build.0 = Release|x64
		{12D63B1C-F43E-4033-B1E4-541E702894DD}.Release|x86.ActiveCfg = Release|Win32
		{12D63B1C-F43E-4033-B1E4-541E702894DD}.Release|x86.Build.0 = Release|Win32
		{51335483-D73D-459C-8339-A2F6C6CF4F34}.Debug|x64.ActiveCfg = Debug|x64
		{51335483-D73D-459C-8339-A2F6C6CF4F34}.Debug|x64.Build.0 = Debug|x64
		{51335483-D73D-459C-8339-A2F6C6CF4F34}.Debug|x86.ActiveCfg = Debug|Win32
		{51335483-D73D-459C-8339-A2F6C6CF4F34}.Debug|x86.Build.0 = Debug|Win32
		{51335483-D73D-459C-8339-A2F6C6CF4F34}.FastTest|x64.ActiveCfg = FastTest|x64
		{51335483-D73D-459C-8339-A2F6C6CF4F34}.FastTest|x64.Build.0 = FastTest|x64
		{51335483-D73D-459C-8339-A2F6C6CF4F34}.FastTest|x86.ActiveCfg = FastTest|Win32
		{51335483-D73D-459C-8339-A2F6C6CF4F34}.FastTest|x86.Build.0 = FastTest|Win32
		{51335483-D73D-459C-8339-A2F6C6CF4F34}.Release|x64.ActiveCfg = Release|x64
		{51335483-D73D-459C-8339-A2F6C6CF4F34}.Release|x64.Build.0 = Release|x64
		{51335483-D73D-459C-8339-A2F6C6CF4F34}.Release|x86.ActiveCfg = Release|Win32
		{51335483-D73D-459C-8339-A2F6C6CF4F34}.Release|x86.Build.0 = Release|Win32
	EndGlobalSection
	GlobalSection(SolutionProperties) = preSolution
		HideSolutionNode = FALSE
	EndGlobalSection
	GlobalSection(ExtensibilityGlobals) = postSolution
		SolutionGuid = {44F30808-A1D3-4380-AA9C-322DDD6AF836}
	EndGlobalSection
EndGlobal
