<?xml version="1.0" encoding="utf-8"?>
<Project ToolsVersion="4.0" xmlns="http://schemas.microsoft.com/developer/msbuild/2003">
  <ItemGroup>
    <Filter Include="Source Files">
      <UniqueIdentifier>{4FC737F1-C7A5-4376-A066-2A32D752A2FF}</UniqueIdentifier>
      <Extensions>cpp;c;cc;cxx;c++;cppm;ixx;def;odl;idl;hpj;bat;asm;asmx</Extensions>
    </Filter>
    <Filter Include="Header Files">
      <UniqueIdentifier>{93995380-89BD-4b04-88EB-625FBE52EBFB}</UniqueIdentifier>
      <Extensions>h;hh;hpp;hxx;h++;hm;inl;inc;ipp;xsd</Extensions>
    </Filter>
    <Filter Include="Resource Files">
      <UniqueIdentifier>{67DA6AB6-F800-4c08-8B7A-83BB121AAD01}</UniqueIdentifier>
      <Extensions>rc;ico;cur;bmp;dlg;rc2;rct;bin;rgs;gif;jpg;jpeg;jpe;resx;tiff;tif;png;wav;mfcribbon-ms</Extensions>
    </Filter>
    <Filter Include="Header Files\Imgui">
      <UniqueIdentifier>{78feab16-8117-459e-9559-71e8a289a3ec}</UniqueIdentifier>
    </Filter>
    <Filter Include="Source Files\Imgui">
      <UniqueIdentifier>{a5cfb949-f6c5-443c-8856-52fe60521b72}</UniqueIdentifier>
    </Filter>
    <Filter Include="Header Files\platform">
      <UniqueIdentifier>{58193a90-d2a5-4900-ab28-40ed5d0dfaa1}</UniqueIdentifier>
    </Filter>
    <Filter Include="Source Files\platform">
      <UniqueIdentifier>{e3b8f3b9-58d5-48e0-80cc-7a9ee8efdd83}</UniqueIdentifier>
    </Filter>
    <Filter Include="Header Files\core">
      <UniqueIdentifier>{885b79e7-2740-4f14-9e5f-30fb5e75477e}</UniqueIdentifier>
    </Filter>
    <Filter Include="Header Files\renderer">
      <UniqueIdentifier>{c619f62a-d6f5-4975-bcaf-7f6280d0b7fb}</UniqueIdentifier>
    </Filter>
    <Filter Include="Source Files\core">
      <UniqueIdentifier>{3a6b44a5-b854-4399-ab7c-719f6d9ab220}</UniqueIdentifier>
    </Filter>
    <Filter Include="Source Files\renderer">
      <UniqueIdentifier>{fe4c1837-0d18-45b6-a65c-7e64c044bf51}</UniqueIdentifier>
    </Filter>
    <Filter Include="Header Files\scene">
      <UniqueIdentifier>{ccdfd132-0137-4fc0-8391-328cfb9fd680}</UniqueIdentifier>
    </Filter>
    <Filter Include="Source Files\scene">
      <UniqueIdentifier>{9db3feec-975b-4089-89eb-56c1bc32c685}</UniqueIdentifier>
    </Filter>
  </ItemGroup>
  <ItemGroup>
    <ClCompile Include="Imgui\imgui.cpp">
      <Filter>Source Files\Imgui</Filter>
    </ClCompile>
    <ClCompile Include="Imgui\imgui_demo.cpp">
      <Filter>Source Files\Imgui</Filter>
    </ClCompile>
    <ClCompile Include="Imgui\imgui_draw.cpp">
      <Filter>Source Files\Imgui</Filter>
    </ClCompile>
    <ClCompile Include="Imgui\imgui_impl_glfw.cpp">
      <Filter>Source Files\Imgui</Filter>
    </ClCompile>
    <ClCompile Include="Imgui\imgui_impl_opengl3.cpp">
      <Filter>Source Files\Imgui</Filter>
    </ClCompile>
    <ClCompile Include="Imgui\imgui_tables.cpp">
      <Filter>Source Files\Imgui</Filter>
    </ClCompile>
    <ClCompile Include="Imgui\imgui_widgets.cpp">
      <Filter>Source Files\Imgui</Filter>
    </ClCompile>
    <ClCompile Include="glfw_window.cpp">
      <Filter>Source Files\platform</Filter>
    </ClCompile>
    <ClCompile Include="glfw_input.cpp">
      <Filter>Source Files\platform</Filter>
    </ClCompile>
    <ClCompile Include="opengl_graphics_context.cpp">
      <Filter>Source Files\platform</Filter>
    </ClCompile>
    <ClCompile Include="opengl_render_api.cpp">
      <Filter>Source Files\platform</Filter>
    </ClCompile>
    <ClCompile Include="opengl_index_buffer.cpp">
      <Filter>Source Files\platform</Filter>
    </ClCompile>
    <ClCompile Include="opengl_texture.cpp">
      <Filter>Source Files\platform</Filter>
    </ClCompile>
    <ClCompile Include="opengl_vertex_array.cpp">
      <Filter>Source Files\platform</Filter>
    </ClCompile>
    <ClCompile Include="opengl_vertex_buffer.cpp">
      <Filter>Source Files\platform</Filter>
    </ClCompile>
    <ClCompile Include="opengl_shader.cpp">
      <Filter>Source Files\platform</Filter>
    </ClCompile>
    <ClCompile Include="game.cpp">
      <Filter>Source Files\core</Filter>
    </ClCompile>
    <ClCompile Include="event.cpp">
      <Filter>Source Files\core</Filter>
    </ClCompile>
    <ClCompile Include="error_macros.cpp">
      <Filter>Source Files\core</Filter>
    </ClCompile>
    <ClCompile Include="core.cpp">
      <Filter>Source Files\core</Filter>
    </ClCompile>
    <ClCompile Include="input.cpp">
      <Filter>Source Files\core</Filter>
    </ClCompile>
    <ClCompile Include="logging.cpp">
      <Filter>Source Files\core</Filter>
    </ClCompile>
    <ClCompile Include="window.cpp">
      <Filter>Source Files\core</Filter>
    </ClCompile>
    <ClCompile Include="debug_render_batch.cpp">
      <Filter>Source Files\renderer</Filter>
    </ClCompile>
    <ClCompile Include="image_rgba.cpp">
      <Filter>Source Files\renderer</Filter>
    </ClCompile>
    <ClCompile Include="index_buffer.cpp">
      <Filter>Source Files\renderer</Filter>
    </ClCompile>
    <ClCompile Include="material.cpp">
      <Filter>Source Files\renderer</Filter>
    </ClCompile>
    <ClCompile Include="material_parameter.cpp">
      <Filter>Source Files\renderer</Filter>
    </ClCompile>
    <ClCompile Include="render_command.cpp">
      <Filter>Source Files\renderer</Filter>
    </ClCompile>
    <ClCompile Include="renderer.cpp">
      <Filter>Source Files\renderer</Filter>
    </ClCompile>
    <ClCompile Include="renderer_api.cpp">
      <Filter>Source Files\renderer</Filter>
    </ClCompile>
    <ClCompile Include="shader.cpp">
      <Filter>Source Files\renderer</Filter>
    </ClCompile>
    <ClCompile Include="skeletal_mesh.cpp">
      <Filter>Source Files\renderer</Filter>
    </ClCompile>
    <ClCompile Include="static_mesh.cpp">
      <Filter>Source Files\renderer</Filter>
    </ClCompile>
    <ClCompile Include="texture.cpp">
      <Filter>Source Files\renderer</Filter>
    </ClCompile>
    <ClCompile Include="vertex_array.cpp">
      <Filter>Source Files\renderer</Filter>
    </ClCompile>
    <ClCompile Include="vertex_buffer.cpp">
      <Filter>Source Files\renderer</Filter>
    </ClCompile>
    <ClCompile Include="actor.cpp">
      <Filter>Source Files\scene</Filter>
    </ClCompile>
    <ClCompile Include="level.cpp">
      <Filter>Source Files\scene</Filter>
    </ClCompile>
    <ClCompile Include="skeletal_mesh_component.cpp">
      <Filter>Source Files\scene</Filter>
    </ClCompile>
    <ClCompile Include="resouce_manager.cpp">
      <Filter>Source Files\scene</Filter>
    </ClCompile>
    <ClCompile Include="static_mesh_component.cpp">
      <Filter>Source Files\scene</Filter>
    </ClCompile>
    <ClCompile Include="instanced_mesh.cpp">
      <Filter>Source Files\renderer</Filter>
    </ClCompile>
  </ItemGroup>
  <ItemGroup>
    <ClInclude Include="Imgui\imconfig.h">
      <Filter>Header Files\Imgui</Filter>
    </ClInclude>
    <ClInclude Include="Imgui\imgui.h">
      <Filter>Header Files\Imgui</Filter>
    </ClInclude>
    <ClInclude Include="Imgui\imgui_impl_glfw.h">
      <Filter>Header Files\Imgui</Filter>
    </ClInclude>
    <ClInclude Include="Imgui\imgui_impl_opengl3.h">
      <Filter>Header Files\Imgui</Filter>
    </ClInclude>
    <ClInclude Include="Imgui\imgui_impl_opengl3_loader.h">
      <Filter>Header Files\Imgui</Filter>
    </ClInclude>
    <ClInclude Include="Imgui\imgui_internal.h">
      <Filter>Header Files\Imgui</Filter>
    </ClInclude>
    <ClInclude Include="Imgui\imstb_rectpack.h">
      <Filter>Header Files\Imgui</Filter>
    </ClInclude>
    <ClInclude Include="Imgui\imstb_textedit.h">
      <Filter>Header Files\Imgui</Filter>
    </ClInclude>
    <ClInclude Include="Imgui\imstb_truetype.h">
      <Filter>Header Files\Imgui</Filter>
    </ClInclude>
    <ClInclude Include="engine.h">
      <Filter>Header Files</Filter>
    </ClInclude>
    <ClInclude Include="glfw_input.h">
      <Filter>Header Files\platform</Filter>
    </ClInclude>
    <ClInclude Include="glfw_window.h">
      <Filter>Header Files\platform</Filter>
    </ClInclude>
    <ClInclude Include="glfw_window_data.h">
      <Filter>Header Files\platform</Filter>
    </ClInclude>
    <ClInclude Include="opengl_render_api.h">
      <Filter>Header Files\platform</Filter>
    </ClInclude>
    <ClInclude Include="opengl_graphics_context.h">
      <Filter>Header Files\platform</Filter>
    </ClInclude>
    <ClInclude Include="opengl_index_buffer.h">
      <Filter>Header Files\platform</Filter>
    </ClInclude>
    <ClInclude Include="opengl_texture.h">
      <Filter>Header Files\platform</Filter>
    </ClInclude>
    <ClInclude Include="opengl_vertex_array.h">
      <Filter>Header Files\platform</Filter>
    </ClInclude>
    <ClInclude Include="opengl_vertex_buffer.h">
      <Filter>Header Files\platform</Filter>
    </ClInclude>
    <ClInclude Include="opengl_shader.h">
      <Filter>Header Files\platform</Filter>
    </ClInclude>
    <ClInclude Include="core.h">
      <Filter>Header Files\core</Filter>
    </ClInclude>
    <ClInclude Include="error_macros.h">
      <Filter>Header Files\core</Filter>
    </ClInclude>
    <ClInclude Include="game.h">
      <Filter>Header Files\core</Filter>
    </ClInclude>
    <ClInclude Include="event.h">
      <Filter>Header Files\core</Filter>
    </ClInclude>
    <ClInclude Include="game_layer.h">
      <Filter>Header Files\core</Filter>
    </ClInclude>
    <ClInclude Include="logging.h">
      <Filter>Header Files\core</Filter>
    </ClInclude>
    <ClInclude Include="input.h">
      <Filter>Header Files\core</Filter>
    </ClInclude>
    <ClInclude Include="keys.h">
      <Filter>Header Files\core</Filter>
    </ClInclude>
    <ClInclude Include="window.h">
      <Filter>Header Files\core</Filter>
    </ClInclude>
    <ClInclude Include="assimp_utils.h">
      <Filter>Header Files\renderer</Filter>
    </ClInclude>
    <ClInclude Include="debug_render_batch.h">
      <Filter>Header Files\renderer</Filter>
    </ClInclude>
    <ClInclude Include="graphics_context.h">
      <Filter>Header Files\renderer</Filter>
    </ClInclude>
    <ClInclude Include="image_rgba.h">
      <Filter>Header Files\renderer</Filter>
    </ClInclude>
    <ClInclude Include="index_buffer.h">
      <Filter>Header Files\renderer</Filter>
    </ClInclude>
    <ClInclude Include="material.h">
      <Filter>Header Files\renderer</Filter>
    </ClInclude>
    <ClInclude Include="material_parameter.h">
      <Filter>Header Files\renderer</Filter>
    </ClInclude>
    <ClInclude Include="render_command.h">
      <Filter>Header Files\renderer</Filter>
    </ClInclude>
    <ClInclude Include="renderer.h">
      <Filter>Header Files\renderer</Filter>
    </ClInclude>
    <ClInclude Include="renderer_api.h">
      <Filter>Header Files\renderer</Filter>
    </ClInclude>
    <ClInclude Include="shader.h">
      <Filter>Header Files\renderer</Filter>
    </ClInclude>
    <ClInclude Include="skeletal_mesh.h">
      <Filter>Header Files\renderer</Filter>
    </ClInclude>
    <ClInclude Include="static_mesh.h">
      <Filter>Header Files\renderer</Filter>
    </ClInclude>
    <ClInclude Include="texture.h">
      <Filter>Header Files\renderer</Filter>
    </ClInclude>
    <ClInclude Include="vertex_array.h">
      <Filter>Header Files\renderer</Filter>
    </ClInclude>
    <ClInclude Include="vertex_buffer.h">
      <Filter>Header Files\renderer</Filter>
    </ClInclude>
    <ClInclude Include="buffer.h">
      <Filter>Header Files\core</Filter>
    </ClInclude>
    <ClInclude Include="duration.h">
      <Filter>Header Files\core</Filter>
    </ClInclude>
    <ClInclude Include="stb_image.h">
      <Filter>Header Files\renderer</Filter>
    </ClInclude>
    <ClInclude Include="skeletal_mesh_component.h">
      <Filter>Header Files\scene</Filter>
    </ClInclude>
    <ClInclude Include="static_mesh_component.h">
      <Filter>Header Files\scene</Filter>
    </ClInclude>
    <ClInclude Include="actor.h">
      <Filter>Header Files\scene</Filter>
    </ClInclude>
    <ClInclude Include="resouce_manager.h">
      <Filter>Header Files\scene</Filter>
    </ClInclude>
    <ClInclude Include="level.h">
      <Filter>Header Files\scene</Filter>
    </ClInclude>
    <ClInclude Include="animation_component.h">
      <Filter>Header Files\renderer</Filter>
    </ClInclude>
    <ClInclude Include="instanced_mesh.h">
      <Filter>Header Files\renderer</Filter>
    </ClInclude>
    <ClInclude Include="instancing.h">
      <Filter>Header Files\renderer</Filter>
    </ClInclude>
    <ClInclude Include="transform.h">
      <Filter>Header Files\renderer</Filter>
    </ClInclude>
  </ItemGroup>
</Project>