<?xml version="1.0" encoding="utf-8"?>
<Project ToolsVersion="4.0" xmlns="http://schemas.microsoft.com/developer/msbuild/2003">
  <ItemGroup>
    <Filter Include="Source Files">
      <UniqueIdentifier>{4FC737F1-C7A5-4376-A066-2A32D752A2FF}</UniqueIdentifier>
      <Extensions>cpp;c;cc;cxx;c++;cppm;ixx;def;odl;idl;hpj;bat;asm;asmx</Extensions>
    </Filter>
    <Filter Include="Header Files">
      <UniqueIdentifier>{93995380-89BD-4b04-88EB-625FBE52EBFB}</UniqueIdentifier>
      <Extensions>h;hh;hpp;hxx;h++;hm;inl;inc;ipp;xsd</Extensions>
    </Filter>
    <Filter Include="Resource Files">
      <UniqueIdentifier>{67DA6AB6-F800-4c08-8B7A-83BB121AAD01}</UniqueIdentifier>
      <Extensions>rc;ico;cur;bmp;dlg;rc2;rct;bin;rgs;gif;jpg;jpeg;jpe;resx;tiff;tif;png;wav;mfcribbon-ms</Extensions>
    </Filter>
    <Filter Include="Header Files\Imgui">
      <UniqueIdentifier>{78feab16-8117-459e-9559-71e8a289a3ec}</UniqueIdentifier>
    </Filter>
    <Filter Include="Source Files\Imgui">
      <UniqueIdentifier>{a5cfb949-f6c5-443c-8856-52fe60521b72}</UniqueIdentifier>
    </Filter>
    <Filter Include="Header Files\core">
      <UniqueIdentifier>{885b79e7-2740-4f14-9e5f-30fb5e75477e}</UniqueIdentifier>
    </Filter>
    <Filter Include="Header Files\renderer">
      <UniqueIdentifier>{c619f62a-d6f5-4975-bcaf-7f6280d0b7fb}</UniqueIdentifier>
    </Filter>
    <Filter Include="Source Files\core">
      <UniqueIdentifier>{3a6b44a5-b854-4399-ab7c-719f6d9ab220}</UniqueIdentifier>
    </Filter>
    <Filter Include="Source Files\renderer">
      <UniqueIdentifier>{fe4c1837-0d18-45b6-a65c-7e64c044bf51}</UniqueIdentifier>
    </Filter>
    <Filter Include="Header Files\scene">
      <UniqueIdentifier>{ccdfd132-0137-4fc0-8391-328cfb9fd680}</UniqueIdentifier>
    </Filter>
    <Filter Include="Source Files\scene">
      <UniqueIdentifier>{9db3feec-975b-4089-89eb-56c1bc32c685}</UniqueIdentifier>
    </Filter>
    <Filter Include="Header Files\ImGuizmo">
      <UniqueIdentifier>{b16804c5-92c0-4cd2-b2fa-b7a47f2fb8ba}</UniqueIdentifier>
    </Filter>
    <Filter Include="Source Files\ImGuizmo">
      <UniqueIdentifier>{f638d23d-5106-4531-9633-833405a03454}</UniqueIdentifier>
    </Filter>
  </ItemGroup>
  <ItemGroup>
    <ClCompile Include="Imgui\imgui.cpp">
      <Filter>Source Files\Imgui</Filter>
    </ClCompile>
    <ClCompile Include="Imgui\imgui_demo.cpp">
      <Filter>Source Files\Imgui</Filter>
    </ClCompile>
    <ClCompile Include="Imgui\imgui_draw.cpp">
      <Filter>Source Files\Imgui</Filter>
    </ClCompile>
    <ClCompile Include="Imgui\imgui_impl_glfw.cpp">
      <Filter>Source Files\Imgui</Filter>
    </ClCompile>
    <ClCompile Include="Imgui\imgui_impl_opengl3.cpp">
      <Filter>Source Files\Imgui</Filter>
    </ClCompile>
    <ClCompile Include="Imgui\imgui_tables.cpp">
      <Filter>Source Files\Imgui</Filter>
    </ClCompile>
    <ClCompile Include="Imgui\imgui_widgets.cpp">
      <Filter>Source Files\Imgui</Filter>
    </ClCompile>
    <ClCompile Include="imgizmo\GraphEditor.cpp">
      <Filter>Source Files\ImGuizmo</Filter>
    </ClCompile>
    <ClCompile Include="imgizmo\ImCurveEdit.cpp">
      <Filter>Source Files\ImGuizmo</Filter>
    </ClCompile>
    <ClCompile Include="imgizmo\ImGradient.cpp">
      <Filter>Source Files\ImGuizmo</Filter>
    </ClCompile>
    <ClCompile Include="imgizmo\ImGuizmo.cpp">
      <Filter>Source Files\ImGuizmo</Filter>
    </ClCompile>
    <ClCompile Include="imgizmo\ImSequencer.cpp">
      <Filter>Source Files\ImGuizmo</Filter>
    </ClCompile>
    <ClCompile Include="Actor.cpp">
      <Filter>Source Files\scene</Filter>
    </ClCompile>
    <ClCompile Include="Core.cpp">
      <Filter>Source Files\core</Filter>
    </ClCompile>
    <ClCompile Include="Debug.cpp">
      <Filter>Source Files\renderer</Filter>
    </ClCompile>
    <ClCompile Include="ErrorMacros.cpp">
      <Filter>Source Files\core</Filter>
    </ClCompile>
    <ClCompile Include="Game.cpp">
      <Filter>Source Files\core</Filter>
    </ClCompile>
    <ClCompile Include="GraphicsContext.cpp">
      <Filter>Source Files\core</Filter>
    </ClCompile>
    <ClCompile Include="ImageRgba.cpp">
      <Filter>Source Files\renderer</Filter>
    </ClCompile>
    <ClCompile Include="IndexBuffer.cpp">
      <Filter>Source Files\renderer</Filter>
    </ClCompile>
    <ClCompile Include="Input.cpp">
      <Filter>Source Files\core</Filter>
    </ClCompile>
    <ClCompile Include="InstancedMesh.cpp">
      <Filter>Source Files\renderer</Filter>
    </ClCompile>
    <ClCompile Include="InstancedMeshComponent.cpp">
      <Filter>Source Files\scene</Filter>
    </ClCompile>
    <ClCompile Include="Level.cpp">
      <Filter>Source Files\scene</Filter>
    </ClCompile>
    <ClCompile Include="LevelInterface.cpp">
      <Filter>Source Files\scene</Filter>
    </ClCompile>
    <ClCompile Include="Logging.cpp">
      <Filter>Source Files\core</Filter>
    </ClCompile>
    <ClCompile Include="Material.cpp">
      <Filter>Source Files\renderer</Filter>
    </ClCompile>
    <ClCompile Include="MaterialParameter.cpp">
      <Filter>Source Files\renderer</Filter>
    </ClCompile>
    <ClCompile Include="PlayerController.cpp">
      <Filter>Source Files\scene</Filter>
    </ClCompile>
    <ClCompile Include="RenderCommand.cpp">
      <Filter>Source Files\renderer</Filter>
    </ClCompile>
    <ClCompile Include="Renderer.cpp">
      <Filter>Source Files\renderer</Filter>
    </ClCompile>
    <ClCompile Include="Renderer2D.cpp">
      <Filter>Source Files\renderer</Filter>
    </ClCompile>
    <ClCompile Include="RendererApi.cpp">
      <Filter>Source Files\renderer</Filter>
    </ClCompile>
    <ClCompile Include="ResourceManager.cpp">
      <Filter>Source Files\scene</Filter>
    </ClCompile>
    <ClCompile Include="Shader.cpp">
      <Filter>Source Files\renderer</Filter>
    </ClCompile>
    <ClCompile Include="SkeletalMesh.cpp">
      <Filter>Source Files\renderer</Filter>
    </ClCompile>
    <ClCompile Include="SkeletalMeshComponent.cpp">
      <Filter>Source Files\scene</Filter>
    </ClCompile>
    <ClCompile Include="Skybox.cpp">
      <Filter>Source Files\renderer</Filter>
    </ClCompile>
    <ClCompile Include="Sprite2D.cpp">
      <Filter>Source Files\renderer</Filter>
    </ClCompile>
    <ClCompile Include="SpriteBatch.cpp">
      <Filter>Source Files\renderer</Filter>
    </ClCompile>
    <ClCompile Include="StaticMesh.cpp">
      <Filter>Source Files\renderer</Filter>
    </ClCompile>
    <ClCompile Include="StaticMeshComponent.cpp">
      <Filter>Source Files\scene</Filter>
    </ClCompile>
    <ClCompile Include="Texture.cpp">
      <Filter>Source Files\renderer</Filter>
    </ClCompile>
    <ClCompile Include="UniformBuffer.cpp">
      <Filter>Source Files\renderer</Filter>
    </ClCompile>
    <ClCompile Include="VertexArray.cpp">
      <Filter>Source Files\renderer</Filter>
    </ClCompile>
    <ClCompile Include="VertexBuffer.cpp">
      <Filter>Source Files\renderer</Filter>
    </ClCompile>
    <ClCompile Include="Window.cpp">
      <Filter>Source Files\core</Filter>
    </ClCompile>
    <ClCompile Include="ActorComponent.cpp">
      <Filter>Source Files\scene</Filter>
    </ClCompile>
    <ClCompile Include="Datapack.cpp">
      <Filter>Source Files\core</Filter>
    </ClCompile>
  </ItemGroup>
  <ItemGroup>
    <ClInclude Include="Imgui\imconfig.h">
      <Filter>Header Files\Imgui</Filter>
    </ClInclude>
    <ClInclude Include="Imgui\imgui.h">
      <Filter>Header Files\Imgui</Filter>
    </ClInclude>
    <ClInclude Include="Imgui\imgui_impl_glfw.h">
      <Filter>Header Files\Imgui</Filter>
    </ClInclude>
    <ClInclude Include="Imgui\imgui_impl_opengl3.h">
      <Filter>Header Files\Imgui</Filter>
    </ClInclude>
    <ClInclude Include="Imgui\imgui_impl_opengl3_loader.h">
      <Filter>Header Files\Imgui</Filter>
    </ClInclude>
    <ClInclude Include="Imgui\imgui_internal.h">
      <Filter>Header Files\Imgui</Filter>
    </ClInclude>
    <ClInclude Include="Imgui\imstb_rectpack.h">
      <Filter>Header Files\Imgui</Filter>
    </ClInclude>
    <ClInclude Include="Imgui\imstb_textedit.h">
      <Filter>Header Files\Imgui</Filter>
    </ClInclude>
    <ClInclude Include="Imgui\imstb_truetype.h">
      <Filter>Header Files\Imgui</Filter>
    </ClInclude>
    <ClInclude Include="imgizmo\GraphEditor.h">
      <Filter>Header Files\ImGuizmo</Filter>
    </ClInclude>
    <ClInclude Include="imgizmo\ImCurveEdit.h">
      <Filter>Header Files\ImGuizmo</Filter>
    </ClInclude>
    <ClInclude Include="imgizmo\ImGradient.h">
      <Filter>Header Files\ImGuizmo</Filter>
    </ClInclude>
    <ClInclude Include="imgizmo\ImGuizmo.h">
      <Filter>Header Files\ImGuizmo</Filter>
    </ClInclude>
    <ClInclude Include="imgizmo\ImSequencer.h">
      <Filter>Header Files\ImGuizmo</Filter>
    </ClInclude>
    <ClInclude Include="imgizmo\ImZoomSlider.h">
      <Filter>Header Files\ImGuizmo</Filter>
    </ClInclude>
    <ClInclude Include="Engine.hpp">
      <Filter>Header Files</Filter>
    </ClInclude>
    <ClInclude Include="Actor.hpp">
      <Filter>Header Files\scene</Filter>
    </ClInclude>
    <ClInclude Include="ActorTagComponent.hpp">
      <Filter>Header Files\scene</Filter>
    </ClInclude>
    <ClInclude Include="AssimpUtils.hpp">
      <Filter>Header Files\renderer</Filter>
    </ClInclude>
    <ClInclude Include="Box.hpp">
      <Filter>Header Files\core</Filter>
    </ClInclude>
    <ClInclude Include="CameraProjection.hpp">
      <Filter>Header Files\renderer</Filter>
    </ClInclude>
    <ClInclude Include="Core.hpp">
      <Filter>Header Files\core</Filter>
    </ClInclude>
    <ClInclude Include="Debug.hpp">
      <Filter>Header Files\renderer</Filter>
    </ClInclude>
    <ClInclude Include="DeltaClock.hpp">
      <Filter>Header Files\core</Filter>
    </ClInclude>
    <ClInclude Include="Duration.hpp">
      <Filter>Header Files\core</Filter>
    </ClInclude>
    <ClInclude Include="ErrorMacros.hpp">
      <Filter>Header Files\core</Filter>
    </ClInclude>
    <ClInclude Include="Game.hpp">
      <Filter>Header Files\core</Filter>
    </ClInclude>
    <ClInclude Include="GameLayer.hpp">
      <Filter>Header Files\core</Filter>
    </ClInclude>
    <ClInclude Include="GlfwWindowData.hpp">
      <Filter>Header Files\core</Filter>
    </ClInclude>
    <ClInclude Include="GraphicsContext.hpp">
      <Filter>Header Files\core</Filter>
    </ClInclude>
    <ClInclude Include="ImageRgba.hpp">
      <Filter>Header Files\renderer</Filter>
    </ClInclude>
    <ClInclude Include="IndexBuffer.hpp">
      <Filter>Header Files\renderer</Filter>
    </ClInclude>
    <ClInclude Include="InstancedMesh.hpp">
      <Filter>Header Files\renderer</Filter>
    </ClInclude>
    <ClInclude Include="InstancedMeshComponent.hpp">
      <Filter>Header Files\renderer</Filter>
    </ClInclude>
    <ClInclude Include="Input.hpp">
      <Filter>Header Files\core</Filter>
    </ClInclude>
    <ClInclude Include="Keys.hpp">
      <Filter>Header Files\core</Filter>
    </ClInclude>
    <ClInclude Include="Level.hpp">
      <Filter>Header Files\scene</Filter>
    </ClInclude>
    <ClInclude Include="LevelInterface.hpp">
      <Filter>Header Files\scene</Filter>
    </ClInclude>
    <ClInclude Include="LightComponent.hpp">
      <Filter>Header Files\scene</Filter>
    </ClInclude>
    <ClInclude Include="Lights.hpp">
      <Filter>Header Files\renderer</Filter>
    </ClInclude>
    <ClInclude Include="Logging.hpp">
      <Filter>Header Files\core</Filter>
    </ClInclude>
    <ClInclude Include="Material.hpp">
      <Filter>Header Files\renderer</Filter>
    </ClInclude>
    <ClInclude Include="MaterialParameter.hpp">
      <Filter>Header Files\renderer</Filter>
    </ClInclude>
    <ClInclude Include="PlayerController.hpp">
      <Filter>Header Files\scene</Filter>
    </ClInclude>
    <ClInclude Include="RenderCommand.hpp">
      <Filter>Header Files\renderer</Filter>
    </ClInclude>
    <ClInclude Include="Renderer.hpp">
      <Filter>Header Files\renderer</Filter>
    </ClInclude>
    <ClInclude Include="Renderer2D.hpp">
      <Filter>Header Files\renderer</Filter>
    </ClInclude>
    <ClInclude Include="RendererApi.hpp">
      <Filter>Header Files\renderer</Filter>
    </ClInclude>
    <ClInclude Include="Shader.hpp">
      <Filter>Header Files\renderer</Filter>
    </ClInclude>
    <ClInclude Include="SkeletalMesh.hpp">
      <Filter>Header Files\renderer</Filter>
    </ClInclude>
    <ClInclude Include="SkeletalMeshComponent.hpp">
      <Filter>Header Files\scene</Filter>
    </ClInclude>
    <ClInclude Include="Skybox.hpp">
      <Filter>Header Files\renderer</Filter>
    </ClInclude>
    <ClInclude Include="Sprite2D.hpp">
      <Filter>Header Files\renderer</Filter>
    </ClInclude>
    <ClInclude Include="StaticMesh.hpp">
      <Filter>Header Files\renderer</Filter>
    </ClInclude>
    <ClInclude Include="SpriteBatch.hpp">
      <Filter>Header Files\renderer</Filter>
    </ClInclude>
    <ClInclude Include="StaticMeshComponent.hpp">
      <Filter>Header Files\scene</Filter>
    </ClInclude>
    <ClInclude Include="Texture.hpp">
      <Filter>Header Files\renderer</Filter>
    </ClInclude>
    <ClInclude Include="stb_image.h">
      <Filter>Header Files\renderer</Filter>
    </ClInclude>
    <ClInclude Include="Transform.hpp">
      <Filter>Header Files\scene</Filter>
    </ClInclude>
    <ClInclude Include="Transform2D.hpp">
      <Filter>Header Files\scene</Filter>
    </ClInclude>
    <ClInclude Include="TransformComponent.hpp">
      <Filter>Header Files\scene</Filter>
    </ClInclude>
    <ClInclude Include="UniformBuffer.hpp">
      <Filter>Header Files\renderer</Filter>
    </ClInclude>
    <ClInclude Include="VertexArray.hpp">
      <Filter>Header Files\renderer</Filter>
    </ClInclude>
    <ClInclude Include="VertexBuffer.hpp">
      <Filter>Header Files\renderer</Filter>
    </ClInclude>
    <ClInclude Include="Viewport.hpp">
      <Filter>Header Files\renderer</Filter>
    </ClInclude>
    <ClInclude Include="Window.hpp">
      <Filter>Header Files\core</Filter>
    </ClInclude>
    <ClInclude Include="WindowMessageHandler.hpp">
      <Filter>Header Files\core</Filter>
    </ClInclude>
    <ClInclude Include="ResourceManager.hpp">
      <Filter>Header Files\scene</Filter>
    </ClInclude>
    <ClInclude Include="ActorComponent.hpp">
      <Filter>Header Files\scene</Filter>
    </ClInclude>
    <ClInclude Include="Datapack.hpp">
      <Filter>Header Files\core</Filter>
    </ClInclude>
  </ItemGroup>
</Project>